
Microsoft Visual Studio Solution File, Format Version 12.00
# Visual Studio 14
VisualStudioVersion = 14.0.25420.1
MinimumVisualStudioVersion = 10.0.40219.1
Project("{FAE04EC0-301F-11D3-BF4B-00C04F79EFBC}") = "Shared", "Shared\Shared.csproj", "{6BFEC132-8DC8-488F-A302-09BE8758A671}"
EndProject
Project("{D954291E-2A0B-460D-934E-DC6B0785DB48}") = "XPlatApp", "XPlatApp\XPlatApp\XPlatApp.shproj", "{68623433-97C2-457F-83B2-7F47090856BC}"
EndProject
Project("{FAE04EC0-301F-11D3-BF4B-00C04F79EFBC}") = "XPlatApp.Droid", "XPlatApp\XPlatApp.Droid\XPlatApp.Droid.csproj", "{B97310F1-0AE8-4B98-9722-B49EAA3B6E84}"
EndProject
Global
	GlobalSection(SharedMSBuildProjectFiles) = preSolution
		XPlatApp\XPlatApp\XPlatApp.projitems*{68623433-97c2-457f-83b2-7f47090856bc}*SharedItemsImports = 13
		XPlatApp\XPlatApp\XPlatApp.projitems*{b97310f1-0ae8-4b98-9722-b49eaa3b6e84}*SharedItemsImports = 4
	EndGlobalSection
	GlobalSection(SolutionConfigurationPlatforms) = preSolution
		Ad-Hoc|Any CPU = Ad-Hoc|Any CPU
		Ad-Hoc|ARM = Ad-Hoc|ARM
		Ad-Hoc|iPhone = Ad-Hoc|iPhone
		Ad-Hoc|iPhoneSimulator = Ad-Hoc|iPhoneSimulator
		Ad-Hoc|x64 = Ad-Hoc|x64
		Ad-Hoc|x86 = Ad-Hoc|x86
		AppStore|Any CPU = AppStore|Any CPU
		AppStore|ARM = AppStore|ARM
		AppStore|iPhone = AppStore|iPhone
		AppStore|iPhoneSimulator = AppStore|iPhoneSimulator
		AppStore|x64 = AppStore|x64
		AppStore|x86 = AppStore|x86
		Debug|Any CPU = Debug|Any CPU
		Debug|ARM = Debug|ARM
		Debug|iPhone = Debug|iPhone
		Debug|iPhoneSimulator = Debug|iPhoneSimulator
		Debug|x64 = Debug|x64
		Debug|x86 = Debug|x86
		Release|Any CPU = Release|Any CPU
		Release|ARM = Release|ARM
		Release|iPhone = Release|iPhone
		Release|iPhoneSimulator = Release|iPhoneSimulator
		Release|x64 = Release|x64
		Release|x86 = Release|x86
	EndGlobalSection
	GlobalSection(ProjectConfigurationPlatforms) = postSolution
		{6BFEC132-8DC8-488F-A302-09BE8758A671}.Ad-Hoc|Any CPU.ActiveCfg = Release|Any CPU
		{6BFEC132-8DC8-488F-A302-09BE8758A671}.Ad-Hoc|Any CPU.Build.0 = Release|Any CPU
		{6BFEC132-8DC8-488F-A302-09BE8758A671}.Ad-Hoc|ARM.ActiveCfg = Release|Any CPU
		{6BFEC132-8DC8-488F-A302-09BE8758A671}.Ad-Hoc|ARM.Build.0 = Release|Any CPU
		{6BFEC132-8DC8-488F-A302-09BE8758A671}.Ad-Hoc|iPhone.ActiveCfg = Release|Any CPU
		{6BFEC132-8DC8-488F-A302-09BE8758A671}.Ad-Hoc|iPhone.Build.0 = Release|Any CPU
		{6BFEC132-8DC8-488F-A302-09BE8758A671}.Ad-Hoc|iPhoneSimulator.ActiveCfg = Release|Any CPU
		{6BFEC132-8DC8-488F-A302-09BE8758A671}.Ad-Hoc|iPhoneSimulator.Build.0 = Release|Any CPU
		{6BFEC132-8DC8-488F-A302-09BE8758A671}.Ad-Hoc|x64.ActiveCfg = Release|Any CPU
		{6BFEC132-8DC8-488F-A302-09BE8758A671}.Ad-Hoc|x64.Build.0 = Release|Any CPU
		{6BFEC132-8DC8-488F-A302-09BE8758A671}.Ad-Hoc|x86.ActiveCfg = Release|Any CPU
		{6BFEC132-8DC8-488F-A302-09BE8758A671}.Ad-Hoc|x86.Build.0 = Release|Any CPU
		{6BFEC132-8DC8-488F-A302-09BE8758A671}.AppStore|Any CPU.ActiveCfg = Release|Any CPU
		{6BFEC132-8DC8-488F-A302-09BE8758A671}.AppStore|Any CPU.Build.0 = Release|Any CPU
		{6BFEC132-8DC8-488F-A302-09BE8758A671}.AppStore|ARM.ActiveCfg = Release|Any CPU
		{6BFEC132-8DC8-488F-A302-09BE8758A671}.AppStore|ARM.Build.0 = Release|Any CPU
		{6BFEC132-8DC8-488F-A302-09BE8758A671}.AppStore|iPhone.ActiveCfg = Release|Any CPU
		{6BFEC132-8DC8-488F-A302-09BE8758A671}.AppStore|iPhone.Build.0 = Release|Any CPU
		{6BFEC132-8DC8-488F-A302-09BE8758A671}.AppStore|iPhoneSimulator.ActiveCfg = Release|Any CPU
		{6BFEC132-8DC8-488F-A302-09BE8758A671}.AppStore|iPhoneSimulator.Build.0 = Release|Any CPU
		{6BFEC132-8DC8-488F-A302-09BE8758A671}.AppStore|x64.ActiveCfg = Release|Any CPU
		{6BFEC132-8DC8-488F-A302-09BE8758A671}.AppStore|x64.Build.0 = Release|Any CPU
		{6BFEC132-8DC8-488F-A302-09BE8758A671}.AppStore|x86.ActiveCfg = Release|Any CPU
		{6BFEC132-8DC8-488F-A302-09BE8758A671}.AppStore|x86.Build.0 = Release|Any CPU
		{6BFEC132-8DC8-488F-A302-09BE8758A671}.Debug|Any CPU.ActiveCfg = Debug|Any CPU
		{6BFEC132-8DC8-488F-A302-09BE8758A671}.Debug|Any CPU.Build.0 = Debug|Any CPU
		{6BFEC132-8DC8-488F-A302-09BE8758A671}.Debug|ARM.ActiveCfg = Debug|Any CPU
		{6BFEC132-8DC8-488F-A302-09BE8758A671}.Debug|ARM.Build.0 = Debug|Any CPU
		{6BFEC132-8DC8-488F-A302-09BE8758A671}.Debug|iPhone.ActiveCfg = Debug|Any CPU
		{6BFEC132-8DC8-488F-A302-09BE8758A671}.Debug|iPhone.Build.0 = Debug|Any CPU
		{6BFEC132-8DC8-488F-A302-09BE8758A671}.Debug|iPhoneSimulator.ActiveCfg = Debug|Any CPU
		{6BFEC132-8DC8-488F-A302-09BE8758A671}.Debug|iPhoneSimulator.Build.0 = Debug|Any CPU
		{6BFEC132-8DC8-488F-A302-09BE8758A671}.Debug|x64.ActiveCfg = Debug|Any CPU
		{6BFEC132-8DC8-488F-A302-09BE8758A671}.Debug|x64.Build.0 = Debug|Any CPU
		{6BFEC132-8DC8-488F-A302-09BE8758A671}.Debug|x86.ActiveCfg = Debug|Any CPU
		{6BFEC132-8DC8-488F-A302-09BE8758A671}.Debug|x86.Build.0 = Debug|Any CPU
		{6BFEC132-8DC8-488F-A302-09BE8758A671}.Release|Any CPU.ActiveCfg = Release|Any CPU
		{6BFEC132-8DC8-488F-A302-09BE8758A671}.Release|Any CPU.Build.0 = Release|Any CPU
		{6BFEC132-8DC8-488F-A302-09BE8758A671}.Release|ARM.ActiveCfg = Release|Any CPU
		{6BFEC132-8DC8-488F-A302-09BE8758A671}.Release|ARM.Build.0 = Release|Any CPU
		{6BFEC132-8DC8-488F-A302-09BE8758A671}.Release|iPhone.ActiveCfg = Release|Any CPU
		{6BFEC132-8DC8-488F-A302-09BE8758A671}.Release|iPhone.Build.0 = Release|Any CPU
		{6BFEC132-8DC8-488F-A302-09BE8758A671}.Release|iPhoneSimulator.ActiveCfg = Release|Any CPU
		{6BFEC132-8DC8-488F-A302-09BE8758A671}.Release|iPhoneSimulator.Build.0 = Release|Any CPU
		{6BFEC132-8DC8-488F-A302-09BE8758A671}.Release|x64.ActiveCfg = Release|Any CPU
		{6BFEC132-8DC8-488F-A302-09BE8758A671}.Release|x64.Build.0 = Release|Any CPU
		{6BFEC132-8DC8-488F-A302-09BE8758A671}.Release|x86.ActiveCfg = Release|Any CPU
		{6BFEC132-8DC8-488F-A302-09BE8758A671}.Release|x86.Build.0 = Release|Any CPU
		{B97310F1-0AE8-4B98-9722-B49EAA3B6E84}.Ad-Hoc|Any CPU.ActiveCfg = Release|Any CPU
		{B97310F1-0AE8-4B98-9722-B49EAA3B6E84}.Ad-Hoc|Any CPU.Build.0 = Release|Any CPU
		{B97310F1-0AE8-4B98-9722-B49EAA3B6E84}.Ad-Hoc|Any CPU.Deploy.0 = Release|Any CPU
		{B97310F1-0AE8-4B98-9722-B49EAA3B6E84}.Ad-Hoc|ARM.ActiveCfg = Release|Any CPU
		{B97310F1-0AE8-4B98-9722-B49EAA3B6E84}.Ad-Hoc|ARM.Build.0 = Release|Any CPU
		{B97310F1-0AE8-4B98-9722-B49EAA3B6E84}.Ad-Hoc|ARM.Deploy.0 = Release|Any CPU
		{B97310F1-0AE8-4B98-9722-B49EAA3B6E84}.Ad-Hoc|iPhone.ActiveCfg = Release|Any CPU
		{B97310F1-0AE8-4B98-9722-B49EAA3B6E84}.Ad-Hoc|iPhone.Build.0 = Release|Any CPU
		{B97310F1-0AE8-4B98-9722-B49EAA3B6E84}.Ad-Hoc|iPhone.Deploy.0 = Release|Any CPU
		{B97310F1-0AE8-4B98-9722-B49EAA3B6E84}.Ad-Hoc|iPhoneSimulator.ActiveCfg = Release|Any CPU
		{B97310F1-0AE8-4B98-9722-B49EAA3B6E84}.Ad-Hoc|iPhoneSimulator.Build.0 = Release|Any CPU
		{B97310F1-0AE8-4B98-9722-B49EAA3B6E84}.Ad-Hoc|iPhoneSimulator.Deploy.0 = Release|Any CPU
		{B97310F1-0AE8-4B98-9722-B49EAA3B6E84}.Ad-Hoc|x64.ActiveCfg = Release|Any CPU
		{B97310F1-0AE8-4B98-9722-B49EAA3B6E84}.Ad-Hoc|x64.Build.0 = Release|Any CPU
		{B97310F1-0AE8-4B98-9722-B49EAA3B6E84}.Ad-Hoc|x64.Deploy.0 = Release|Any CPU
		{B97310F1-0AE8-4B98-9722-B49EAA3B6E84}.Ad-Hoc|x86.ActiveCfg = Release|Any CPU
		{B97310F1-0AE8-4B98-9722-B49EAA3B6E84}.Ad-Hoc|x86.Build.0 = Release|Any CPU
		{B97310F1-0AE8-4B98-9722-B49EAA3B6E84}.Ad-Hoc|x86.Deploy.0 = Release|Any CPU
		{B97310F1-0AE8-4B98-9722-B49EAA3B6E84}.AppStore|Any CPU.ActiveCfg = Release|Any CPU
		{B97310F1-0AE8-4B98-9722-B49EAA3B6E84}.AppStore|Any CPU.Build.0 = Release|Any CPU
		{B97310F1-0AE8-4B98-9722-B49EAA3B6E84}.AppStore|Any CPU.Deploy.0 = Release|Any CPU
		{B97310F1-0AE8-4B98-9722-B49EAA3B6E84}.AppStore|ARM.ActiveCfg = Release|Any CPU
		{B97310F1-0AE8-4B98-9722-B49EAA3B6E84}.AppStore|ARM.Build.0 = Release|Any CPU
		{B97310F1-0AE8-4B98-9722-B49EAA3B6E84}.AppStore|ARM.Deploy.0 = Release|Any CPU
		{B97310F1-0AE8-4B98-9722-B49EAA3B6E84}.AppStore|iPhone.ActiveCfg = Release|Any CPU
		{B97310F1-0AE8-4B98-9722-B49EAA3B6E84}.AppStore|iPhone.Build.0 = Release|Any CPU
		{B97310F1-0AE8-4B98-9722-B49EAA3B6E84}.AppStore|iPhone.Deploy.0 = Release|Any CPU
		{B97310F1-0AE8-4B98-9722-B49EAA3B6E84}.AppStore|iPhoneSimulator.ActiveCfg = Release|Any CPU
		{B97310F1-0AE8-4B98-9722-B49EAA3B6E84}.AppStore|iPhoneSimulator.Build.0 = Release|Any CPU
		{B97310F1-0AE8-4B98-9722-B49EAA3B6E84}.AppStore|iPhoneSimulator.Deploy.0 = Release|Any CPU
		{B97310F1-0AE8-4B98-9722-B49EAA3B6E84}.AppStore|x64.ActiveCfg = Release|Any CPU
		{B97310F1-0AE8-4B98-9722-B49EAA3B6E84}.AppStore|x64.Build.0 = Release|Any CPU
		{B97310F1-0AE8-4B98-9722-B49EAA3B6E84}.AppStore|x64.Deploy.0 = Release|Any CPU
		{B97310F1-0AE8-4B98-9722-B49EAA3B6E84}.AppStore|x86.ActiveCfg = Release|Any CPU
		{B97310F1-0AE8-4B98-9722-B49EAA3B6E84}.AppStore|x86.Build.0 = Release|Any CPU
		{B97310F1-0AE8-4B98-9722-B49EAA3B6E84}.AppStore|x86.Deploy.0 = Release|Any CPU
		{B97310F1-0AE8-4B98-9722-B49EAA3B6E84}.Debug|Any CPU.ActiveCfg = Debug|Any CPU
		{B97310F1-0AE8-4B98-9722-B49EAA3B6E84}.Debug|Any CPU.Build.0 = Debug|Any CPU
		{B97310F1-0AE8-4B98-9722-B49EAA3B6E84}.Debug|Any CPU.Deploy.0 = Debug|Any CPU
		{B97310F1-0AE8-4B98-9722-B49EAA3B6E84}.Debug|ARM.ActiveCfg = Debug|Any CPU
		{B97310F1-0AE8-4B98-9722-B49EAA3B6E84}.Debug|ARM.Build.0 = Debug|Any CPU
		{B97310F1-0AE8-4B98-9722-B49EAA3B6E84}.Debug|ARM.Deploy.0 = Debug|Any CPU
		{B97310F1-0AE8-4B98-9722-B49EAA3B6E84}.Debug|iPhone.ActiveCfg = Debug|Any CPU
		{B97310F1-0AE8-4B98-9722-B49EAA3B6E84}.Debug|iPhone.Build.0 = Debug|Any CPU
		{B97310F1-0AE8-4B98-9722-B49EAA3B6E84}.Debug|iPhone.Deploy.0 = Debug|Any CPU
		{B97310F1-0AE8-4B98-9722-B49EAA3B6E84}.Debug|iPhoneSimulator.ActiveCfg = Debug|Any CPU
		{B97310F1-0AE8-4B98-9722-B49EAA3B6E84}.Debug|iPhoneSimulator.Build.0 = Debug|Any CPU
		{B97310F1-0AE8-4B98-9722-B49EAA3B6E84}.Debug|iPhoneSimulator.Deploy.0 = Debug|Any CPU
		{B97310F1-0AE8-4B98-9722-B49EAA3B6E84}.Debug|x64.ActiveCfg = Debug|Any CPU
		{B97310F1-0AE8-4B98-9722-B49EAA3B6E84}.Debug|x64.Build.0 = Debug|Any CPU
		{B97310F1-0AE8-4B98-9722-B49EAA3B6E84}.Debug|x64.Deploy.0 = Debug|Any CPU
		{B97310F1-0AE8-4B98-9722-B49EAA3B6E84}.Debug|x86.ActiveCfg = Debug|Any CPU
		{B97310F1-0AE8-4B98-9722-B49EAA3B6E84}.Debug|x86.Build.0 = Debug|Any CPU
		{B97310F1-0AE8-4B98-9722-B49EAA3B6E84}.Debug|x86.Deploy.0 = Debug|Any CPU
		{B97310F1-0AE8-4B98-9722-B49EAA3B6E84}.Release|Any CPU.ActiveCfg = Release|Any CPU
		{B97310F1-0AE8-4B98-9722-B49EAA3B6E84}.Release|Any CPU.Build.0 = Release|Any CPU
		{B97310F1-0AE8-4B98-9722-B49EAA3B6E84}.Release|Any CPU.Deploy.0 = Release|Any CPU
		{B97310F1-0AE8-4B98-9722-B49EAA3B6E84}.Release|ARM.ActiveCfg = Release|Any CPU
		{B97310F1-0AE8-4B98-9722-B49EAA3B6E84}.Release|ARM.Build.0 = Release|Any CPU
		{B97310F1-0AE8-4B98-9722-B49EAA3B6E84}.Release|ARM.Deploy.0 = Release|Any CPU
		{B97310F1-0AE8-4B98-9722-B49EAA3B6E84}.Release|iPhone.ActiveCfg = Release|Any CPU
		{B97310F1-0AE8-4B98-9722-B49EAA3B6E84}.Release|iPhone.Build.0 = Release|Any CPU
		{B97310F1-0AE8-4B98-9722-B49EAA3B6E84}.Release|iPhone.Deploy.0 = Release|Any CPU
		{B97310F1-0AE8-4B98-9722-B49EAA3B6E84}.Release|iPhoneSimulator.ActiveCfg = Release|Any CPU
		{B97310F1-0AE8-4B98-9722-B49EAA3B6E84}.Release|iPhoneSimulator.Build.0 = Release|Any CPU
		{B97310F1-0AE8-4B98-9722-B49EAA3B6E84}.Release|iPhoneSimulator.Deploy.0 = Release|Any CPU
		{B97310F1-0AE8-4B98-9722-B49EAA3B6E84}.Release|x64.ActiveCfg = Release|Any CPU
		{B97310F1-0AE8-4B98-9722-B49EAA3B6E84}.Release|x64.Build.0 = Release|Any CPU
		{B97310F1-0AE8-4B98-9722-B49EAA3B6E84}.Release|x64.Deploy.0 = Release|Any CPU
		{B97310F1-0AE8-4B98-9722-B49EAA3B6E84}.Release|x86.ActiveCfg = Release|Any CPU
		{B97310F1-0AE8-4B98-9722-B49EAA3B6E84}.Release|x86.Build.0 = Release|Any CPU
		{B97310F1-0AE8-4B98-9722-B49EAA3B6E84}.Release|x86.Deploy.0 = Release|Any CPU
	EndGlobalSection
	GlobalSection(SolutionProperties) = preSolution
		HideSolutionNode = FALSE
	EndGlobalSection
EndGlobal
