
Microsoft Visual Studio Solution File, Format Version 12.00
# Visual Studio 14
VisualStudioVersion = 14.0.25420.1
MinimumVisualStudioVersion = 10.0.40219.1
Project("{FAE04EC0-301F-11D3-BF4B-00C04F79EFBC}") = "Shared", "Shared\Shared.csproj", "{6BFEC132-8DC8-488F-A302-09BE8758A671}"
EndProject
Project("{FAE04EC0-301F-11D3-BF4B-00C04F79EFBC}") = "AndroidAppV2", "AndroidAppV2\AndroidAppV2.csproj", "{5056BE92-5B87-4AF2-B26B-5E2C9C4484D8}"
EndProject
Project("{FAE04EC0-301F-11D3-BF4B-00C04F79EFBC}") = "AdministratorPanel", "AdministratorPanel\AdministratorPanel.csproj", "{A57FF545-879B-40C0-A0C5-D6B7E8260269}"
EndProject
Project("{FAE04EC0-301F-11D3-BF4B-00C04F79EFBC}") = "Server", "Server\Server.csproj", "{08F773C5-423B-4B4B-9DF5-8F57E11AA9A9}"
EndProject
Global
	GlobalSection(SolutionConfigurationPlatforms) = preSolution
		Ad-Hoc|Any CPU = Ad-Hoc|Any CPU
		Ad-Hoc|ARM = Ad-Hoc|ARM
		Ad-Hoc|iPhone = Ad-Hoc|iPhone
		Ad-Hoc|iPhoneSimulator = Ad-Hoc|iPhoneSimulator
		Ad-Hoc|x64 = Ad-Hoc|x64
		Ad-Hoc|x86 = Ad-Hoc|x86
		AppStore|Any CPU = AppStore|Any CPU
		AppStore|ARM = AppStore|ARM
		AppStore|iPhone = AppStore|iPhone
		AppStore|iPhoneSimulator = AppStore|iPhoneSimulator
		AppStore|x64 = AppStore|x64
		AppStore|x86 = AppStore|x86
		Debug|Any CPU = Debug|Any CPU
		Debug|ARM = Debug|ARM
		Debug|iPhone = Debug|iPhone
		Debug|iPhoneSimulator = Debug|iPhoneSimulator
		Debug|x64 = Debug|x64
		Debug|x86 = Debug|x86
		Release|Any CPU = Release|Any CPU
		Release|ARM = Release|ARM
		Release|iPhone = Release|iPhone
		Release|iPhoneSimulator = Release|iPhoneSimulator
		Release|x64 = Release|x64
		Release|x86 = Release|x86
	EndGlobalSection
	GlobalSection(ProjectConfigurationPlatforms) = postSolution
		{6BFEC132-8DC8-488F-A302-09BE8758A671}.Ad-Hoc|Any CPU.ActiveCfg = Release|Any CPU
		{6BFEC132-8DC8-488F-A302-09BE8758A671}.Ad-Hoc|Any CPU.Build.0 = Release|Any CPU
		{6BFEC132-8DC8-488F-A302-09BE8758A671}.Ad-Hoc|ARM.ActiveCfg = Release|Any CPU
		{6BFEC132-8DC8-488F-A302-09BE8758A671}.Ad-Hoc|ARM.Build.0 = Release|Any CPU
		{6BFEC132-8DC8-488F-A302-09BE8758A671}.Ad-Hoc|iPhone.ActiveCfg = Release|Any CPU
		{6BFEC132-8DC8-488F-A302-09BE8758A671}.Ad-Hoc|iPhone.Build.0 = Release|Any CPU
		{6BFEC132-8DC8-488F-A302-09BE8758A671}.Ad-Hoc|iPhoneSimulator.ActiveCfg = Release|Any CPU
		{6BFEC132-8DC8-488F-A302-09BE8758A671}.Ad-Hoc|iPhoneSimulator.Build.0 = Release|Any CPU
		{6BFEC132-8DC8-488F-A302-09BE8758A671}.Ad-Hoc|x64.ActiveCfg = Release|Any CPU
		{6BFEC132-8DC8-488F-A302-09BE8758A671}.Ad-Hoc|x64.Build.0 = Release|Any CPU
		{6BFEC132-8DC8-488F-A302-09BE8758A671}.Ad-Hoc|x86.ActiveCfg = Release|Any CPU
		{6BFEC132-8DC8-488F-A302-09BE8758A671}.Ad-Hoc|x86.Build.0 = Release|Any CPU
		{6BFEC132-8DC8-488F-A302-09BE8758A671}.AppStore|Any CPU.ActiveCfg = Release|Any CPU
		{6BFEC132-8DC8-488F-A302-09BE8758A671}.AppStore|Any CPU.Build.0 = Release|Any CPU
		{6BFEC132-8DC8-488F-A302-09BE8758A671}.AppStore|ARM.ActiveCfg = Release|Any CPU
		{6BFEC132-8DC8-488F-A302-09BE8758A671}.AppStore|ARM.Build.0 = Release|Any CPU
		{6BFEC132-8DC8-488F-A302-09BE8758A671}.AppStore|iPhone.ActiveCfg = Release|Any CPU
		{6BFEC132-8DC8-488F-A302-09BE8758A671}.AppStore|iPhone.Build.0 = Release|Any CPU
		{6BFEC132-8DC8-488F-A302-09BE8758A671}.AppStore|iPhoneSimulator.ActiveCfg = Release|Any CPU
		{6BFEC132-8DC8-488F-A302-09BE8758A671}.AppStore|iPhoneSimulator.Build.0 = Release|Any CPU
		{6BFEC132-8DC8-488F-A302-09BE8758A671}.AppStore|x64.ActiveCfg = Release|Any CPU
		{6BFEC132-8DC8-488F-A302-09BE8758A671}.AppStore|x64.Build.0 = Release|Any CPU
		{6BFEC132-8DC8-488F-A302-09BE8758A671}.AppStore|x86.ActiveCfg = Release|Any CPU
		{6BFEC132-8DC8-488F-A302-09BE8758A671}.AppStore|x86.Build.0 = Release|Any CPU
		{6BFEC132-8DC8-488F-A302-09BE8758A671}.Debug|Any CPU.ActiveCfg = Debug|Any CPU
		{6BFEC132-8DC8-488F-A302-09BE8758A671}.Debug|Any CPU.Build.0 = Debug|Any CPU
		{6BFEC132-8DC8-488F-A302-09BE8758A671}.Debug|ARM.ActiveCfg = Debug|Any CPU
		{6BFEC132-8DC8-488F-A302-09BE8758A671}.Debug|ARM.Build.0 = Debug|Any CPU
		{6BFEC132-8DC8-488F-A302-09BE8758A671}.Debug|iPhone.ActiveCfg = Debug|Any CPU
		{6BFEC132-8DC8-488F-A302-09BE8758A671}.Debug|iPhone.Build.0 = Debug|Any CPU
		{6BFEC132-8DC8-488F-A302-09BE8758A671}.Debug|iPhoneSimulator.ActiveCfg = Debug|Any CPU
		{6BFEC132-8DC8-488F-A302-09BE8758A671}.Debug|iPhoneSimulator.Build.0 = Debug|Any CPU
		{6BFEC132-8DC8-488F-A302-09BE8758A671}.Debug|x64.ActiveCfg = Debug|Any CPU
		{6BFEC132-8DC8-488F-A302-09BE8758A671}.Debug|x64.Build.0 = Debug|Any CPU
		{6BFEC132-8DC8-488F-A302-09BE8758A671}.Debug|x86.ActiveCfg = Debug|Any CPU
		{6BFEC132-8DC8-488F-A302-09BE8758A671}.Debug|x86.Build.0 = Debug|Any CPU
		{6BFEC132-8DC8-488F-A302-09BE8758A671}.Release|Any CPU.ActiveCfg = Release|Any CPU
		{6BFEC132-8DC8-488F-A302-09BE8758A671}.Release|Any CPU.Build.0 = Release|Any CPU
		{6BFEC132-8DC8-488F-A302-09BE8758A671}.Release|ARM.ActiveCfg = Release|Any CPU
		{6BFEC132-8DC8-488F-A302-09BE8758A671}.Release|ARM.Build.0 = Release|Any CPU
		{6BFEC132-8DC8-488F-A302-09BE8758A671}.Release|iPhone.ActiveCfg = Release|Any CPU
		{6BFEC132-8DC8-488F-A302-09BE8758A671}.Release|iPhone.Build.0 = Release|Any CPU
		{6BFEC132-8DC8-488F-A302-09BE8758A671}.Release|iPhoneSimulator.ActiveCfg = Release|Any CPU
		{6BFEC132-8DC8-488F-A302-09BE8758A671}.Release|iPhoneSimulator.Build.0 = Release|Any CPU
		{6BFEC132-8DC8-488F-A302-09BE8758A671}.Release|x64.ActiveCfg = Release|Any CPU
		{6BFEC132-8DC8-488F-A302-09BE8758A671}.Release|x64.Build.0 = Release|Any CPU
		{6BFEC132-8DC8-488F-A302-09BE8758A671}.Release|x86.ActiveCfg = Release|Any CPU
		{6BFEC132-8DC8-488F-A302-09BE8758A671}.Release|x86.Build.0 = Release|Any CPU
		{5056BE92-5B87-4AF2-B26B-5E2C9C4484D8}.Ad-Hoc|Any CPU.ActiveCfg = Release|Any CPU
		{5056BE92-5B87-4AF2-B26B-5E2C9C4484D8}.Ad-Hoc|Any CPU.Build.0 = Release|Any CPU
		{5056BE92-5B87-4AF2-B26B-5E2C9C4484D8}.Ad-Hoc|Any CPU.Deploy.0 = Release|Any CPU
		{5056BE92-5B87-4AF2-B26B-5E2C9C4484D8}.Ad-Hoc|ARM.ActiveCfg = Release|Any CPU
		{5056BE92-5B87-4AF2-B26B-5E2C9C4484D8}.Ad-Hoc|ARM.Build.0 = Release|Any CPU
		{5056BE92-5B87-4AF2-B26B-5E2C9C4484D8}.Ad-Hoc|ARM.Deploy.0 = Release|Any CPU
		{5056BE92-5B87-4AF2-B26B-5E2C9C4484D8}.Ad-Hoc|iPhone.ActiveCfg = Release|Any CPU
		{5056BE92-5B87-4AF2-B26B-5E2C9C4484D8}.Ad-Hoc|iPhone.Build.0 = Release|Any CPU
		{5056BE92-5B87-4AF2-B26B-5E2C9C4484D8}.Ad-Hoc|iPhone.Deploy.0 = Release|Any CPU
		{5056BE92-5B87-4AF2-B26B-5E2C9C4484D8}.Ad-Hoc|iPhoneSimulator.ActiveCfg = Release|Any CPU
		{5056BE92-5B87-4AF2-B26B-5E2C9C4484D8}.Ad-Hoc|iPhoneSimulator.Build.0 = Release|Any CPU
		{5056BE92-5B87-4AF2-B26B-5E2C9C4484D8}.Ad-Hoc|iPhoneSimulator.Deploy.0 = Release|Any CPU
		{5056BE92-5B87-4AF2-B26B-5E2C9C4484D8}.Ad-Hoc|x64.ActiveCfg = Release|Any CPU
		{5056BE92-5B87-4AF2-B26B-5E2C9C4484D8}.Ad-Hoc|x64.Build.0 = Release|Any CPU
		{5056BE92-5B87-4AF2-B26B-5E2C9C4484D8}.Ad-Hoc|x64.Deploy.0 = Release|Any CPU
		{5056BE92-5B87-4AF2-B26B-5E2C9C4484D8}.Ad-Hoc|x86.ActiveCfg = Release|Any CPU
		{5056BE92-5B87-4AF2-B26B-5E2C9C4484D8}.Ad-Hoc|x86.Build.0 = Release|Any CPU
		{5056BE92-5B87-4AF2-B26B-5E2C9C4484D8}.Ad-Hoc|x86.Deploy.0 = Release|Any CPU
		{5056BE92-5B87-4AF2-B26B-5E2C9C4484D8}.AppStore|Any CPU.ActiveCfg = Release|Any CPU
		{5056BE92-5B87-4AF2-B26B-5E2C9C4484D8}.AppStore|Any CPU.Build.0 = Release|Any CPU
		{5056BE92-5B87-4AF2-B26B-5E2C9C4484D8}.AppStore|Any CPU.Deploy.0 = Release|Any CPU
		{5056BE92-5B87-4AF2-B26B-5E2C9C4484D8}.AppStore|ARM.ActiveCfg = Release|Any CPU
		{5056BE92-5B87-4AF2-B26B-5E2C9C4484D8}.AppStore|ARM.Build.0 = Release|Any CPU
		{5056BE92-5B87-4AF2-B26B-5E2C9C4484D8}.AppStore|ARM.Deploy.0 = Release|Any CPU
		{5056BE92-5B87-4AF2-B26B-5E2C9C4484D8}.AppStore|iPhone.ActiveCfg = Release|Any CPU
		{5056BE92-5B87-4AF2-B26B-5E2C9C4484D8}.AppStore|iPhone.Build.0 = Release|Any CPU
		{5056BE92-5B87-4AF2-B26B-5E2C9C4484D8}.AppStore|iPhone.Deploy.0 = Release|Any CPU
		{5056BE92-5B87-4AF2-B26B-5E2C9C4484D8}.AppStore|iPhoneSimulator.ActiveCfg = Release|Any CPU
		{5056BE92-5B87-4AF2-B26B-5E2C9C4484D8}.AppStore|iPhoneSimulator.Build.0 = Release|Any CPU
		{5056BE92-5B87-4AF2-B26B-5E2C9C4484D8}.AppStore|iPhoneSimulator.Deploy.0 = Release|Any CPU
		{5056BE92-5B87-4AF2-B26B-5E2C9C4484D8}.AppStore|x64.ActiveCfg = Release|Any CPU
		{5056BE92-5B87-4AF2-B26B-5E2C9C4484D8}.AppStore|x64.Build.0 = Release|Any CPU
		{5056BE92-5B87-4AF2-B26B-5E2C9C4484D8}.AppStore|x64.Deploy.0 = Release|Any CPU
		{5056BE92-5B87-4AF2-B26B-5E2C9C4484D8}.AppStore|x86.ActiveCfg = Release|Any CPU
		{5056BE92-5B87-4AF2-B26B-5E2C9C4484D8}.AppStore|x86.Build.0 = Release|Any CPU
		{5056BE92-5B87-4AF2-B26B-5E2C9C4484D8}.AppStore|x86.Deploy.0 = Release|Any CPU
		{5056BE92-5B87-4AF2-B26B-5E2C9C4484D8}.Debug|Any CPU.ActiveCfg = Debug|Any CPU
		{5056BE92-5B87-4AF2-B26B-5E2C9C4484D8}.Debug|Any CPU.Build.0 = Debug|Any CPU
		{5056BE92-5B87-4AF2-B26B-5E2C9C4484D8}.Debug|Any CPU.Deploy.0 = Debug|Any CPU
		{5056BE92-5B87-4AF2-B26B-5E2C9C4484D8}.Debug|ARM.ActiveCfg = Debug|Any CPU
		{5056BE92-5B87-4AF2-B26B-5E2C9C4484D8}.Debug|ARM.Build.0 = Debug|Any CPU
		{5056BE92-5B87-4AF2-B26B-5E2C9C4484D8}.Debug|ARM.Deploy.0 = Debug|Any CPU
		{5056BE92-5B87-4AF2-B26B-5E2C9C4484D8}.Debug|iPhone.ActiveCfg = Debug|Any CPU
		{5056BE92-5B87-4AF2-B26B-5E2C9C4484D8}.Debug|iPhone.Build.0 = Debug|Any CPU
		{5056BE92-5B87-4AF2-B26B-5E2C9C4484D8}.Debug|iPhone.Deploy.0 = Debug|Any CPU
		{5056BE92-5B87-4AF2-B26B-5E2C9C4484D8}.Debug|iPhoneSimulator.ActiveCfg = Debug|Any CPU
		{5056BE92-5B87-4AF2-B26B-5E2C9C4484D8}.Debug|iPhoneSimulator.Build.0 = Debug|Any CPU
		{5056BE92-5B87-4AF2-B26B-5E2C9C4484D8}.Debug|iPhoneSimulator.Deploy.0 = Debug|Any CPU
		{5056BE92-5B87-4AF2-B26B-5E2C9C4484D8}.Debug|x64.ActiveCfg = Debug|Any CPU
		{5056BE92-5B87-4AF2-B26B-5E2C9C4484D8}.Debug|x64.Build.0 = Debug|Any CPU
		{5056BE92-5B87-4AF2-B26B-5E2C9C4484D8}.Debug|x64.Deploy.0 = Debug|Any CPU
		{5056BE92-5B87-4AF2-B26B-5E2C9C4484D8}.Debug|x86.ActiveCfg = Debug|Any CPU
		{5056BE92-5B87-4AF2-B26B-5E2C9C4484D8}.Debug|x86.Build.0 = Debug|Any CPU
		{5056BE92-5B87-4AF2-B26B-5E2C9C4484D8}.Debug|x86.Deploy.0 = Debug|Any CPU
		{5056BE92-5B87-4AF2-B26B-5E2C9C4484D8}.Release|Any CPU.ActiveCfg = Release|Any CPU
		{5056BE92-5B87-4AF2-B26B-5E2C9C4484D8}.Release|Any CPU.Build.0 = Release|Any CPU
		{5056BE92-5B87-4AF2-B26B-5E2C9C4484D8}.Release|Any CPU.Deploy.0 = Release|Any CPU
		{5056BE92-5B87-4AF2-B26B-5E2C9C4484D8}.Release|ARM.ActiveCfg = Release|Any CPU
		{5056BE92-5B87-4AF2-B26B-5E2C9C4484D8}.Release|ARM.Build.0 = Release|Any CPU
		{5056BE92-5B87-4AF2-B26B-5E2C9C4484D8}.Release|ARM.Deploy.0 = Release|Any CPU
		{5056BE92-5B87-4AF2-B26B-5E2C9C4484D8}.Release|iPhone.ActiveCfg = Release|Any CPU
		{5056BE92-5B87-4AF2-B26B-5E2C9C4484D8}.Release|iPhone.Build.0 = Release|Any CPU
		{5056BE92-5B87-4AF2-B26B-5E2C9C4484D8}.Release|iPhone.Deploy.0 = Release|Any CPU
		{5056BE92-5B87-4AF2-B26B-5E2C9C4484D8}.Release|iPhoneSimulator.ActiveCfg = Release|Any CPU
		{5056BE92-5B87-4AF2-B26B-5E2C9C4484D8}.Release|iPhoneSimulator.Build.0 = Release|Any CPU
		{5056BE92-5B87-4AF2-B26B-5E2C9C4484D8}.Release|iPhoneSimulator.Deploy.0 = Release|Any CPU
		{5056BE92-5B87-4AF2-B26B-5E2C9C4484D8}.Release|x64.ActiveCfg = Release|Any CPU
		{5056BE92-5B87-4AF2-B26B-5E2C9C4484D8}.Release|x64.Build.0 = Release|Any CPU
		{5056BE92-5B87-4AF2-B26B-5E2C9C4484D8}.Release|x64.Deploy.0 = Release|Any CPU
		{5056BE92-5B87-4AF2-B26B-5E2C9C4484D8}.Release|x86.ActiveCfg = Release|Any CPU
		{5056BE92-5B87-4AF2-B26B-5E2C9C4484D8}.Release|x86.Build.0 = Release|Any CPU
		{5056BE92-5B87-4AF2-B26B-5E2C9C4484D8}.Release|x86.Deploy.0 = Release|Any CPU
		{A57FF545-879B-40C0-A0C5-D6B7E8260269}.Ad-Hoc|Any CPU.ActiveCfg = Release|Any CPU
		{A57FF545-879B-40C0-A0C5-D6B7E8260269}.Ad-Hoc|Any CPU.Build.0 = Release|Any CPU
		{A57FF545-879B-40C0-A0C5-D6B7E8260269}.Ad-Hoc|ARM.ActiveCfg = Release|Any CPU
		{A57FF545-879B-40C0-A0C5-D6B7E8260269}.Ad-Hoc|ARM.Build.0 = Release|Any CPU
		{A57FF545-879B-40C0-A0C5-D6B7E8260269}.Ad-Hoc|iPhone.ActiveCfg = Release|Any CPU
		{A57FF545-879B-40C0-A0C5-D6B7E8260269}.Ad-Hoc|iPhone.Build.0 = Release|Any CPU
		{A57FF545-879B-40C0-A0C5-D6B7E8260269}.Ad-Hoc|iPhoneSimulator.ActiveCfg = Release|Any CPU
		{A57FF545-879B-40C0-A0C5-D6B7E8260269}.Ad-Hoc|iPhoneSimulator.Build.0 = Release|Any CPU
		{A57FF545-879B-40C0-A0C5-D6B7E8260269}.Ad-Hoc|x64.ActiveCfg = Release|Any CPU
		{A57FF545-879B-40C0-A0C5-D6B7E8260269}.Ad-Hoc|x64.Build.0 = Release|Any CPU
		{A57FF545-879B-40C0-A0C5-D6B7E8260269}.Ad-Hoc|x86.ActiveCfg = Release|Any CPU
		{A57FF545-879B-40C0-A0C5-D6B7E8260269}.Ad-Hoc|x86.Build.0 = Release|Any CPU
		{A57FF545-879B-40C0-A0C5-D6B7E8260269}.AppStore|Any CPU.ActiveCfg = Release|Any CPU
		{A57FF545-879B-40C0-A0C5-D6B7E8260269}.AppStore|Any CPU.Build.0 = Release|Any CPU
		{A57FF545-879B-40C0-A0C5-D6B7E8260269}.AppStore|ARM.ActiveCfg = Release|Any CPU
		{A57FF545-879B-40C0-A0C5-D6B7E8260269}.AppStore|ARM.Build.0 = Release|Any CPU
		{A57FF545-879B-40C0-A0C5-D6B7E8260269}.AppStore|iPhone.ActiveCfg = Release|Any CPU
		{A57FF545-879B-40C0-A0C5-D6B7E8260269}.AppStore|iPhone.Build.0 = Release|Any CPU
		{A57FF545-879B-40C0-A0C5-D6B7E8260269}.AppStore|iPhoneSimulator.ActiveCfg = Release|Any CPU
		{A57FF545-879B-40C0-A0C5-D6B7E8260269}.AppStore|iPhoneSimulator.Build.0 = Release|Any CPU
		{A57FF545-879B-40C0-A0C5-D6B7E8260269}.AppStore|x64.ActiveCfg = Release|Any CPU
		{A57FF545-879B-40C0-A0C5-D6B7E8260269}.AppStore|x64.Build.0 = Release|Any CPU
		{A57FF545-879B-40C0-A0C5-D6B7E8260269}.AppStore|x86.ActiveCfg = Release|Any CPU
		{A57FF545-879B-40C0-A0C5-D6B7E8260269}.AppStore|x86.Build.0 = Release|Any CPU
		{A57FF545-879B-40C0-A0C5-D6B7E8260269}.Debug|Any CPU.ActiveCfg = Debug|Any CPU
		{A57FF545-879B-40C0-A0C5-D6B7E8260269}.Debug|Any CPU.Build.0 = Debug|Any CPU
		{A57FF545-879B-40C0-A0C5-D6B7E8260269}.Debug|ARM.ActiveCfg = Debug|Any CPU
		{A57FF545-879B-40C0-A0C5-D6B7E8260269}.Debug|ARM.Build.0 = Debug|Any CPU
		{A57FF545-879B-40C0-A0C5-D6B7E8260269}.Debug|iPhone.ActiveCfg = Debug|Any CPU
		{A57FF545-879B-40C0-A0C5-D6B7E8260269}.Debug|iPhone.Build.0 = Debug|Any CPU
		{A57FF545-879B-40C0-A0C5-D6B7E8260269}.Debug|iPhoneSimulator.ActiveCfg = Debug|Any CPU
		{A57FF545-879B-40C0-A0C5-D6B7E8260269}.Debug|iPhoneSimulator.Build.0 = Debug|Any CPU
		{A57FF545-879B-40C0-A0C5-D6B7E8260269}.Debug|x64.ActiveCfg = Debug|Any CPU
		{A57FF545-879B-40C0-A0C5-D6B7E8260269}.Debug|x64.Build.0 = Debug|Any CPU
		{A57FF545-879B-40C0-A0C5-D6B7E8260269}.Debug|x86.ActiveCfg = Debug|Any CPU
		{A57FF545-879B-40C0-A0C5-D6B7E8260269}.Debug|x86.Build.0 = Debug|Any CPU
		{A57FF545-879B-40C0-A0C5-D6B7E8260269}.Release|Any CPU.ActiveCfg = Release|Any CPU
		{A57FF545-879B-40C0-A0C5-D6B7E8260269}.Release|Any CPU.Build.0 = Release|Any CPU
		{A57FF545-879B-40C0-A0C5-D6B7E8260269}.Release|ARM.ActiveCfg = Release|Any CPU
		{A57FF545-879B-40C0-A0C5-D6B7E8260269}.Release|ARM.Build.0 = Release|Any CPU
		{A57FF545-879B-40C0-A0C5-D6B7E8260269}.Release|iPhone.ActiveCfg = Release|Any CPU
		{A57FF545-879B-40C0-A0C5-D6B7E8260269}.Release|iPhone.Build.0 = Release|Any CPU
		{A57FF545-879B-40C0-A0C5-D6B7E8260269}.Release|iPhoneSimulator.ActiveCfg = Release|Any CPU
		{A57FF545-879B-40C0-A0C5-D6B7E8260269}.Release|iPhoneSimulator.Build.0 = Release|Any CPU
		{A57FF545-879B-40C0-A0C5-D6B7E8260269}.Release|x64.ActiveCfg = Release|Any CPU
		{A57FF545-879B-40C0-A0C5-D6B7E8260269}.Release|x64.Build.0 = Release|Any CPU
		{A57FF545-879B-40C0-A0C5-D6B7E8260269}.Release|x86.ActiveCfg = Release|Any CPU
		{A57FF545-879B-40C0-A0C5-D6B7E8260269}.Release|x86.Build.0 = Release|Any CPU
		{08F773C5-423B-4B4B-9DF5-8F57E11AA9A9}.Ad-Hoc|Any CPU.ActiveCfg = Release|Any CPU
		{08F773C5-423B-4B4B-9DF5-8F57E11AA9A9}.Ad-Hoc|Any CPU.Build.0 = Release|Any CPU
		{08F773C5-423B-4B4B-9DF5-8F57E11AA9A9}.Ad-Hoc|ARM.ActiveCfg = Release|Any CPU
		{08F773C5-423B-4B4B-9DF5-8F57E11AA9A9}.Ad-Hoc|ARM.Build.0 = Release|Any CPU
		{08F773C5-423B-4B4B-9DF5-8F57E11AA9A9}.Ad-Hoc|iPhone.ActiveCfg = Release|Any CPU
		{08F773C5-423B-4B4B-9DF5-8F57E11AA9A9}.Ad-Hoc|iPhone.Build.0 = Release|Any CPU
		{08F773C5-423B-4B4B-9DF5-8F57E11AA9A9}.Ad-Hoc|iPhoneSimulator.ActiveCfg = Release|Any CPU
		{08F773C5-423B-4B4B-9DF5-8F57E11AA9A9}.Ad-Hoc|iPhoneSimulator.Build.0 = Release|Any CPU
		{08F773C5-423B-4B4B-9DF5-8F57E11AA9A9}.Ad-Hoc|x64.ActiveCfg = Release|Any CPU
		{08F773C5-423B-4B4B-9DF5-8F57E11AA9A9}.Ad-Hoc|x64.Build.0 = Release|Any CPU
		{08F773C5-423B-4B4B-9DF5-8F57E11AA9A9}.Ad-Hoc|x86.ActiveCfg = Release|Any CPU
		{08F773C5-423B-4B4B-9DF5-8F57E11AA9A9}.Ad-Hoc|x86.Build.0 = Release|Any CPU
		{08F773C5-423B-4B4B-9DF5-8F57E11AA9A9}.AppStore|Any CPU.ActiveCfg = Release|Any CPU
		{08F773C5-423B-4B4B-9DF5-8F57E11AA9A9}.AppStore|Any CPU.Build.0 = Release|Any CPU
		{08F773C5-423B-4B4B-9DF5-8F57E11AA9A9}.AppStore|ARM.ActiveCfg = Release|Any CPU
		{08F773C5-423B-4B4B-9DF5-8F57E11AA9A9}.AppStore|ARM.Build.0 = Release|Any CPU
		{08F773C5-423B-4B4B-9DF5-8F57E11AA9A9}.AppStore|iPhone.ActiveCfg = Release|Any CPU
		{08F773C5-423B-4B4B-9DF5-8F57E11AA9A9}.AppStore|iPhone.Build.0 = Release|Any CPU
		{08F773C5-423B-4B4B-9DF5-8F57E11AA9A9}.AppStore|iPhoneSimulator.ActiveCfg = Release|Any CPU
		{08F773C5-423B-4B4B-9DF5-8F57E11AA9A9}.AppStore|iPhoneSimulator.Build.0 = Release|Any CPU
		{08F773C5-423B-4B4B-9DF5-8F57E11AA9A9}.AppStore|x64.ActiveCfg = Release|Any CPU
		{08F773C5-423B-4B4B-9DF5-8F57E11AA9A9}.AppStore|x64.Build.0 = Release|Any CPU
		{08F773C5-423B-4B4B-9DF5-8F57E11AA9A9}.AppStore|x86.ActiveCfg = Release|Any CPU
		{08F773C5-423B-4B4B-9DF5-8F57E11AA9A9}.AppStore|x86.Build.0 = Release|Any CPU
		{08F773C5-423B-4B4B-9DF5-8F57E11AA9A9}.Debug|Any CPU.ActiveCfg = Debug|Any CPU
		{08F773C5-423B-4B4B-9DF5-8F57E11AA9A9}.Debug|Any CPU.Build.0 = Debug|Any CPU
		{08F773C5-423B-4B4B-9DF5-8F57E11AA9A9}.Debug|ARM.ActiveCfg = Debug|Any CPU
		{08F773C5-423B-4B4B-9DF5-8F57E11AA9A9}.Debug|ARM.Build.0 = Debug|Any CPU
		{08F773C5-423B-4B4B-9DF5-8F57E11AA9A9}.Debug|iPhone.ActiveCfg = Debug|Any CPU
		{08F773C5-423B-4B4B-9DF5-8F57E11AA9A9}.Debug|iPhone.Build.0 = Debug|Any CPU
		{08F773C5-423B-4B4B-9DF5-8F57E11AA9A9}.Debug|iPhoneSimulator.ActiveCfg = Debug|Any CPU
		{08F773C5-423B-4B4B-9DF5-8F57E11AA9A9}.Debug|iPhoneSimulator.Build.0 = Debug|Any CPU
		{08F773C5-423B-4B4B-9DF5-8F57E11AA9A9}.Debug|x64.ActiveCfg = Debug|Any CPU
		{08F773C5-423B-4B4B-9DF5-8F57E11AA9A9}.Debug|x64.Build.0 = Debug|Any CPU
		{08F773C5-423B-4B4B-9DF5-8F57E11AA9A9}.Debug|x86.ActiveCfg = Debug|Any CPU
		{08F773C5-423B-4B4B-9DF5-8F57E11AA9A9}.Debug|x86.Build.0 = Debug|Any CPU
		{08F773C5-423B-4B4B-9DF5-8F57E11AA9A9}.Release|Any CPU.ActiveCfg = Release|Any CPU
		{08F773C5-423B-4B4B-9DF5-8F57E11AA9A9}.Release|Any CPU.Build.0 = Release|Any CPU
		{08F773C5-423B-4B4B-9DF5-8F57E11AA9A9}.Release|ARM.ActiveCfg = Release|Any CPU
		{08F773C5-423B-4B4B-9DF5-8F57E11AA9A9}.Release|ARM.Build.0 = Release|Any CPU
		{08F773C5-423B-4B4B-9DF5-8F57E11AA9A9}.Release|iPhone.ActiveCfg = Release|Any CPU
		{08F773C5-423B-4B4B-9DF5-8F57E11AA9A9}.Release|iPhone.Build.0 = Release|Any CPU
		{08F773C5-423B-4B4B-9DF5-8F57E11AA9A9}.Release|iPhoneSimulator.ActiveCfg = Release|Any CPU
		{08F773C5-423B-4B4B-9DF5-8F57E11AA9A9}.Release|iPhoneSimulator.Build.0 = Release|Any CPU
		{08F773C5-423B-4B4B-9DF5-8F57E11AA9A9}.Release|x64.ActiveCfg = Release|Any CPU
		{08F773C5-423B-4B4B-9DF5-8F57E11AA9A9}.Release|x64.Build.0 = Release|Any CPU
		{08F773C5-423B-4B4B-9DF5-8F57E11AA9A9}.Release|x86.ActiveCfg = Release|Any CPU
		{08F773C5-423B-4B4B-9DF5-8F57E11AA9A9}.Release|x86.Build.0 = Release|Any CPU
	EndGlobalSection
	GlobalSection(SolutionProperties) = preSolution
		HideSolutionNode = FALSE
	EndGlobalSection
EndGlobal
